{
  "nodes": {
    "INDIRECT-INDIRECT-INDIRECT-INDIRECT-pythoneda-shared-git-shared": {
      "inputs": {
        "flake-utils": [
          "pythoneda-shared-pythoneda-domain-artifact-infrastructure",
          "flake-utils"
        ],
        "nixos": [
          "pythoneda-shared-pythoneda-domain-artifact-infrastructure",
          "nixos"
        ],
        "pythoneda-shared-pythoneda-banner": [
          "pythoneda-shared-pythoneda-domain-artifact-infrastructure",
          "pythoneda-shared-pythoneda-banner"
        ],
        "pythoneda-shared-pythoneda-domain": [
          "pythoneda-shared-pythoneda-domain-artifact-infrastructure",
          "pythoneda-shared-pythoneda-domain"
        ]
      },
      "locked": {
        "dir": "shared",
        "lastModified": 1696415459,
        "narHash": "sha256-fujHycjliP+FOdWy0YnJrLmlK7uNwIrntvXNiIFG8Ug=",
        "owner": "pythoneda-shared-git",
        "repo": "shared-artifact",
        "rev": "e23bed7aa74e392f592aded5ac99bcaf7b406bc9",
        "type": "github"
      },
      "original": {
        "dir": "shared",
        "owner": "pythoneda-shared-git",
        "ref": "0.0.3",
        "repo": "shared-artifact",
        "type": "github"
      }
    },
    "INDIRECT-INDIRECT-INDIRECT-pythoneda-shared-nix-flake-shared": {
      "inputs": {
        "flake-utils": [
          "pythoneda-shared-pythoneda-domain-artifact-infrastructure",
          "flake-utils"
        ],
        "nixos": [
          "pythoneda-shared-pythoneda-domain-artifact-infrastructure",
          "nixos"
        ],
        "pythoneda-shared-git-shared": [
          "pythoneda-shared-pythoneda-domain-artifact-infrastructure",
          "INDIRECT-INDIRECT-INDIRECT-INDIRECT-pythoneda-shared-git-shared"
        ],
        "pythoneda-shared-pythoneda-banner": [
          "pythoneda-shared-pythoneda-domain-artifact-infrastructure",
          "pythoneda-shared-pythoneda-banner"
        ],
        "pythoneda-shared-pythoneda-domain": [
          "pythoneda-shared-pythoneda-domain-artifact-infrastructure",
          "pythoneda-shared-pythoneda-domain"
        ],
        "stringtemplate3": "stringtemplate3_3"
      },
      "locked": {
        "dir": "shared",
        "lastModified": 1695896562,
        "narHash": "sha256-X4rKfVJR4qoTmUpR0dmi3wvdLk4kgGP/N9hogFpr2C8=",
        "owner": "pythoneda-shared-nix-flake",
        "repo": "shared-artifact",
        "rev": "7b8b29b6cf1d5b977a71db16cadf857a7fd68212",
        "type": "github"
      },
      "original": {
        "dir": "shared",
        "owner": "pythoneda-shared-nix-flake",
        "ref": "0.0.2",
        "repo": "shared-artifact",
        "type": "github"
      }
    },
    "INDIRECT-INDIRECT-pythoneda-shared-artifact-changes-events": {
      "inputs": {
        "flake-utils": [
          "flake-utils"
        ],
        "nixos": [
          "nixos"
        ],
        "pythoneda-shared-artifact-changes-shared": "pythoneda-shared-artifact-changes-shared",
        "pythoneda-shared-code-requests-events": [
          "INDIRECT-INDIRECT-pythoneda-shared-code-requests-events"
        ],
        "pythoneda-shared-code-requests-shared": [
          "INDIRECT-INDIRECT-pythoneda-shared-code-requests-shared"
        ],
        "pythoneda-shared-pythoneda-banner": [
          "pythoneda-shared-pythoneda-banner"
        ],
        "pythoneda-shared-pythoneda-domain": [
          "pythoneda-shared-pythoneda-domain"
        ]
      },
      "locked": {
        "dir": "events",
        "lastModified": 1696414569,
        "narHash": "sha256-tmk5F1/0V/iiTr+5YUh1LR2JET/NV0P66Cjm1RZbm0k=",
        "owner": "pythoneda-shared-artifact-changes",
        "repo": "events-artifact",
        "rev": "4e779f0c8fd36c2bda3f988db9080cdddd6cbd44",
        "type": "github"
      },
      "original": {
        "dir": "events",
        "owner": "pythoneda-shared-artifact-changes",
        "ref": "0.0.3",
        "repo": "events-artifact",
        "type": "github"
      }
    },
    "INDIRECT-INDIRECT-pythoneda-shared-artifact-changes-shared": {
      "inputs": {
        "flake-utils": [
          "flake-utils"
        ],
        "nixos": [
          "nixos"
        ],
        "pythoneda-shared-pythoneda-banner": [
          "pythoneda-shared-pythoneda-banner"
        ],
        "pythoneda-shared-pythoneda-domain": [
          "pythoneda-shared-pythoneda-domain"
        ]
      },
      "locked": {
        "dir": "shared",
        "lastModified": 1695896346,
        "narHash": "sha256-zJtEDGWBBRZaG3ZracTU5Ukw6UUNXL59mgjun6j/ues=",
        "owner": "pythoneda-shared-artifact-changes",
        "repo": "shared-artifact",
        "rev": "9dfd4a17048f6c540f6ab570e3a78ddadb75cd13",
        "type": "github"
      },
      "original": {
        "dir": "shared",
        "owner": "pythoneda-shared-artifact-changes",
        "ref": "0.0.2",
        "repo": "shared-artifact",
        "type": "github"
      }
    },
    "INDIRECT-INDIRECT-pythoneda-shared-code-requests-events": {
      "inputs": {
        "flake-utils": [
          "flake-utils"
        ],
        "nixos": [
          "nixos"
        ],
        "pythoneda-shared-artifact-changes-shared": "pythoneda-shared-artifact-changes-shared_2",
        "pythoneda-shared-code-requests-shared": [
          "INDIRECT-INDIRECT-pythoneda-shared-code-requests-shared"
        ],
        "pythoneda-shared-nix-flake-shared": [
          "INDIRECT-INDIRECT-pythoneda-shared-nix-flake-shared"
        ],
        "pythoneda-shared-pythoneda-banner": [
          "pythoneda-shared-pythoneda-banner"
        ],
        "pythoneda-shared-pythoneda-domain": [
          "pythoneda-shared-pythoneda-domain"
        ]
      },
      "locked": {
        "dir": "events",
        "lastModified": 1695897187,
        "narHash": "sha256-qczFNS7cI0XWi/2ydea/dELBBPZK0h1s3Fw9jMb9bKc=",
        "owner": "pythoneda-shared-code-requests",
        "repo": "events-artifact",
        "rev": "a7261ee331b6a87067417c06432164dee120b556",
        "type": "github"
      },
      "original": {
        "dir": "events",
        "owner": "pythoneda-shared-code-requests",
        "ref": "0.0.2",
        "repo": "events-artifact",
        "type": "github"
      }
    },
    "INDIRECT-INDIRECT-pythoneda-shared-code-requests-events_2": {
      "inputs": {
        "flake-utils": [
          "pythoneda-shared-pythoneda-domain-artifact-infrastructure",
          "flake-utils"
        ],
        "nixos": [
          "pythoneda-shared-pythoneda-domain-artifact-infrastructure",
          "nixos"
        ],
        "pythoneda-shared-artifact-changes-shared": "pythoneda-shared-artifact-changes-shared_4",
        "pythoneda-shared-code-requests-shared": [
          "pythoneda-shared-pythoneda-domain-artifact-infrastructure",
          "INDIRECT-INDIRECT-pythoneda-shared-code-requests-shared"
        ],
        "pythoneda-shared-nix-flake-shared": [
          "pythoneda-shared-pythoneda-domain-artifact-infrastructure",
          "INDIRECT-INDIRECT-INDIRECT-pythoneda-shared-nix-flake-shared"
        ],
        "pythoneda-shared-pythoneda-banner": [
          "pythoneda-shared-pythoneda-domain-artifact-infrastructure",
          "pythoneda-shared-pythoneda-banner"
        ],
        "pythoneda-shared-pythoneda-domain": [
          "pythoneda-shared-pythoneda-domain-artifact-infrastructure",
          "pythoneda-shared-pythoneda-domain"
        ]
      },
      "locked": {
        "dir": "events",
        "lastModified": 1695897187,
        "narHash": "sha256-qczFNS7cI0XWi/2ydea/dELBBPZK0h1s3Fw9jMb9bKc=",
        "owner": "pythoneda-shared-code-requests",
        "repo": "events-artifact",
        "rev": "a7261ee331b6a87067417c06432164dee120b556",
        "type": "github"
      },
      "original": {
        "dir": "events",
        "owner": "pythoneda-shared-code-requests",
        "ref": "0.0.2",
        "repo": "events-artifact",
        "type": "github"
      }
    },
    "INDIRECT-INDIRECT-pythoneda-shared-code-requests-jupyterlab": {
      "inputs": {
        "flake-utils": [
          "flake-utils"
        ],
        "nixos": [
          "nixos"
        ],
        "pythoneda-shared-code-requests-shared": [
          "INDIRECT-INDIRECT-pythoneda-shared-code-requests-shared"
        ],
        "pythoneda-shared-nix-flake-shared": [
          "INDIRECT-INDIRECT-pythoneda-shared-nix-flake-shared"
        ],
        "pythoneda-shared-pythoneda-banner": [
          "pythoneda-shared-pythoneda-banner"
        ],
        "pythoneda-shared-pythoneda-domain": [
          "pythoneda-shared-pythoneda-domain"
        ]
      },
      "locked": {
        "dir": "jupyterlab",
        "lastModified": 1695898961,
        "narHash": "sha256-OtxrBI0B8sdCsKI1N/ySvN/gugC9Ac5bxvLTUHKr7kQ=",
        "owner": "pythoneda-shared-code-requests",
        "repo": "jupyterlab-artifact",
        "rev": "d2197593d9e4b34f063d9e0e3fe47a1b7c4e1f58",
        "type": "github"
      },
      "original": {
        "dir": "jupyterlab",
        "owner": "pythoneda-shared-code-requests",
        "ref": "0.0.2",
        "repo": "jupyterlab-artifact",
        "type": "github"
      }
    },
    "INDIRECT-INDIRECT-pythoneda-shared-code-requests-shared": {
      "inputs": {
        "flake-utils": [
          "flake-utils"
        ],
        "nixos": [
          "nixos"
        ],
        "pythoneda-shared-nix-flake-shared": [
          "INDIRECT-INDIRECT-pythoneda-shared-nix-flake-shared"
        ],
        "pythoneda-shared-pythoneda-banner": [
          "pythoneda-shared-pythoneda-banner"
        ],
        "pythoneda-shared-pythoneda-domain": [
          "pythoneda-shared-pythoneda-domain"
        ]
      },
      "locked": {
        "dir": "shared",
        "lastModified": 1695896822,
        "narHash": "sha256-wuc/JDLrKFMNygnlteoByU7DvFw6/NkGed9DAaXGKOU=",
        "owner": "pythoneda-shared-code-requests",
        "repo": "shared-artifact",
        "rev": "fc68beeea1a823c5fadf605c1718e4426ffc46c5",
        "type": "github"
      },
      "original": {
        "dir": "shared",
        "owner": "pythoneda-shared-code-requests",
        "ref": "0.0.2",
        "repo": "shared-artifact",
        "type": "github"
      }
    },
    "INDIRECT-INDIRECT-pythoneda-shared-code-requests-shared_2": {
      "inputs": {
        "flake-utils": [
          "pythoneda-shared-pythoneda-domain-artifact-infrastructure",
          "flake-utils"
        ],
        "nixos": [
          "pythoneda-shared-pythoneda-domain-artifact-infrastructure",
          "nixos"
        ],
        "pythoneda-shared-nix-flake-shared": [
          "pythoneda-shared-pythoneda-domain-artifact-infrastructure",
          "INDIRECT-INDIRECT-INDIRECT-pythoneda-shared-nix-flake-shared"
        ],
        "pythoneda-shared-pythoneda-banner": [
          "pythoneda-shared-pythoneda-domain-artifact-infrastructure",
          "pythoneda-shared-pythoneda-banner"
        ],
        "pythoneda-shared-pythoneda-domain": [
          "pythoneda-shared-pythoneda-domain-artifact-infrastructure",
          "pythoneda-shared-pythoneda-domain"
        ]
      },
      "locked": {
        "dir": "shared",
        "lastModified": 1695896822,
        "narHash": "sha256-wuc/JDLrKFMNygnlteoByU7DvFw6/NkGed9DAaXGKOU=",
        "owner": "pythoneda-shared-code-requests",
        "repo": "shared-artifact",
        "rev": "fc68beeea1a823c5fadf605c1718e4426ffc46c5",
        "type": "github"
      },
      "original": {
        "dir": "shared",
        "owner": "pythoneda-shared-code-requests",
        "ref": "0.0.2",
        "repo": "shared-artifact",
        "type": "github"
      }
    },
    "INDIRECT-INDIRECT-pythoneda-shared-git-shared": {
      "inputs": {
        "flake-utils": [
          "flake-utils"
        ],
        "nixos": [
          "nixos"
        ],
        "pythoneda-shared-pythoneda-banner": [
          "pythoneda-shared-pythoneda-banner"
        ],
        "pythoneda-shared-pythoneda-domain": [
          "pythoneda-shared-pythoneda-domain"
        ]
      },
      "locked": {
        "dir": "shared",
        "lastModified": 1696415459,
        "narHash": "sha256-fujHycjliP+FOdWy0YnJrLmlK7uNwIrntvXNiIFG8Ug=",
        "owner": "pythoneda-shared-git",
        "repo": "shared-artifact",
        "rev": "e23bed7aa74e392f592aded5ac99bcaf7b406bc9",
        "type": "github"
      },
      "original": {
        "dir": "shared",
        "owner": "pythoneda-shared-git",
        "ref": "0.0.3",
        "repo": "shared-artifact",
        "type": "github"
      }
    },
    "INDIRECT-INDIRECT-pythoneda-shared-nix-flake-shared": {
      "inputs": {
        "flake-utils": [
          "flake-utils"
        ],
        "nixos": [
          "nixos"
        ],
        "pythoneda-shared-git-shared": [
          "INDIRECT-INDIRECT-pythoneda-shared-git-shared"
        ],
        "pythoneda-shared-pythoneda-banner": [
          "pythoneda-shared-pythoneda-banner"
        ],
        "pythoneda-shared-pythoneda-domain": [
          "pythoneda-shared-pythoneda-domain"
        ],
        "stringtemplate3": "stringtemplate3"
      },
      "locked": {
        "dir": "shared",
        "lastModified": 1695896562,
        "narHash": "sha256-X4rKfVJR4qoTmUpR0dmi3wvdLk4kgGP/N9hogFpr2C8=",
        "owner": "pythoneda-shared-nix-flake",
        "repo": "shared-artifact",
        "rev": "7b8b29b6cf1d5b977a71db16cadf857a7fd68212",
        "type": "github"
      },
      "original": {
        "dir": "shared",
        "owner": "pythoneda-shared-nix-flake",
        "ref": "0.0.2",
        "repo": "shared-artifact",
        "type": "github"
      }
    },
    "INDIRECT-INDIRECT-pythoneda-shared-nix-flake-shared_2": {
      "inputs": {
        "flake-utils": [
          "pythoneda-shared-pythoneda-domain-artifact",
          "flake-utils"
        ],
        "nixos": [
          "pythoneda-shared-pythoneda-domain-artifact",
          "nixos"
        ],
        "pythoneda-shared-git-shared": [
          "pythoneda-shared-pythoneda-domain-artifact",
          "pythoneda-shared-git-shared"
        ],
        "pythoneda-shared-pythoneda-banner": [
          "pythoneda-shared-pythoneda-domain-artifact",
          "pythoneda-shared-pythoneda-banner"
        ],
        "pythoneda-shared-pythoneda-domain": [
          "pythoneda-shared-pythoneda-domain-artifact",
          "pythoneda-shared-pythoneda-domain"
        ],
        "stringtemplate3": "stringtemplate3_2"
      },
      "locked": {
        "dir": "shared",
        "lastModified": 1695896562,
        "narHash": "sha256-X4rKfVJR4qoTmUpR0dmi3wvdLk4kgGP/N9hogFpr2C8=",
        "owner": "pythoneda-shared-nix-flake",
        "repo": "shared-artifact",
        "rev": "7b8b29b6cf1d5b977a71db16cadf857a7fd68212",
        "type": "github"
      },
      "original": {
        "dir": "shared",
        "owner": "pythoneda-shared-nix-flake",
        "ref": "0.0.2",
        "repo": "shared-artifact",
        "type": "github"
      }
    },
    "INDIRECT-pythoneda-shared-artifact-changes-events-infrastructure": {
      "inputs": {
        "flake-utils": [
          "flake-utils"
        ],
        "nixos": [
          "nixos"
        ],
        "pythoneda-shared-artifact-changes-events": [
          "INDIRECT-INDIRECT-pythoneda-shared-artifact-changes-events"
        ],
        "pythoneda-shared-code-requests-jupyterlab": [
          "INDIRECT-INDIRECT-pythoneda-shared-code-requests-jupyterlab"
        ],
        "pythoneda-shared-pythoneda-banner": [
          "pythoneda-shared-pythoneda-banner"
        ],
        "pythoneda-shared-pythoneda-domain": [
          "pythoneda-shared-pythoneda-domain"
        ],
        "pythoneda-shared-pythoneda-infrastructure": [
          "pythoneda-shared-pythoneda-infrastructure"
        ]
      },
      "locked": {
        "dir": "events-infrastructure",
        "lastModified": 1696414795,
        "narHash": "sha256-NVBFePFnAsQEFSngdJqTN9cGxU5vKHEi76QUNWbxZXU=",
        "owner": "pythoneda-shared-artifact-changes",
        "repo": "events-infrastructure-artifact",
        "rev": "1cb285f47c0a1503a444a91ccb89a76acab82fba",
        "type": "github"
      },
      "original": {
        "dir": "events-infrastructure",
        "owner": "pythoneda-shared-artifact-changes",
        "ref": "0.0.3",
        "repo": "events-infrastructure-artifact",
        "type": "github"
      }
    },
    "INDIRECT-pythoneda-shared-code-requests-events": {
      "inputs": {
        "flake-utils": [
          "pythoneda-shared-pythoneda-domain-artifact",
          "flake-utils"
        ],
        "nixos": [
          "pythoneda-shared-pythoneda-domain-artifact",
          "nixos"
        ],
        "pythoneda-shared-artifact-changes-shared": "pythoneda-shared-artifact-changes-shared_3",
        "pythoneda-shared-code-requests-shared": [
          "pythoneda-shared-pythoneda-domain-artifact",
          "INDIRECT-pythoneda-shared-code-requests-shared"
        ],
        "pythoneda-shared-nix-flake-shared": [
          "pythoneda-shared-pythoneda-domain-artifact",
          "INDIRECT-INDIRECT-pythoneda-shared-nix-flake-shared"
        ],
        "pythoneda-shared-pythoneda-banner": [
          "pythoneda-shared-pythoneda-domain-artifact",
          "pythoneda-shared-pythoneda-banner"
        ],
        "pythoneda-shared-pythoneda-domain": [
          "pythoneda-shared-pythoneda-domain-artifact",
          "pythoneda-shared-pythoneda-domain"
        ]
      },
      "locked": {
        "dir": "events",
        "lastModified": 1695897187,
        "narHash": "sha256-qczFNS7cI0XWi/2ydea/dELBBPZK0h1s3Fw9jMb9bKc=",
        "owner": "pythoneda-shared-code-requests",
        "repo": "events-artifact",
        "rev": "a7261ee331b6a87067417c06432164dee120b556",
        "type": "github"
      },
      "original": {
        "dir": "events",
        "owner": "pythoneda-shared-code-requests",
        "ref": "0.0.2",
        "repo": "events-artifact",
        "type": "github"
      }
    },
    "INDIRECT-pythoneda-shared-code-requests-jupyterlab": {
      "inputs": {
        "flake-utils": [
          "pythoneda-shared-pythoneda-domain-artifact-infrastructure",
          "flake-utils"
        ],
        "nixos": [
          "pythoneda-shared-pythoneda-domain-artifact-infrastructure",
          "nixos"
        ],
        "pythoneda-shared-code-requests-shared": [
          "pythoneda-shared-pythoneda-domain-artifact-infrastructure",
          "INDIRECT-INDIRECT-pythoneda-shared-code-requests-shared"
        ],
        "pythoneda-shared-nix-flake-shared": [
          "pythoneda-shared-pythoneda-domain-artifact-infrastructure",
          "INDIRECT-INDIRECT-INDIRECT-pythoneda-shared-nix-flake-shared"
        ],
        "pythoneda-shared-pythoneda-banner": [
          "pythoneda-shared-pythoneda-domain-artifact-infrastructure",
          "pythoneda-shared-pythoneda-banner"
        ],
        "pythoneda-shared-pythoneda-domain": [
          "pythoneda-shared-pythoneda-domain-artifact-infrastructure",
          "pythoneda-shared-pythoneda-domain"
        ]
      },
      "locked": {
        "dir": "jupyterlab",
        "lastModified": 1695898961,
        "narHash": "sha256-OtxrBI0B8sdCsKI1N/ySvN/gugC9Ac5bxvLTUHKr7kQ=",
        "owner": "pythoneda-shared-code-requests",
        "repo": "jupyterlab-artifact",
        "rev": "d2197593d9e4b34f063d9e0e3fe47a1b7c4e1f58",
        "type": "github"
      },
      "original": {
        "dir": "jupyterlab",
        "owner": "pythoneda-shared-code-requests",
        "ref": "0.0.2",
        "repo": "jupyterlab-artifact",
        "type": "github"
      }
    },
    "INDIRECT-pythoneda-shared-code-requests-shared": {
      "inputs": {
        "flake-utils": [
          "pythoneda-shared-pythoneda-domain-artifact",
          "flake-utils"
        ],
        "nixos": [
          "pythoneda-shared-pythoneda-domain-artifact",
          "nixos"
        ],
        "pythoneda-shared-nix-flake-shared": [
          "pythoneda-shared-pythoneda-domain-artifact",
          "INDIRECT-INDIRECT-pythoneda-shared-nix-flake-shared"
        ],
        "pythoneda-shared-pythoneda-banner": [
          "pythoneda-shared-pythoneda-domain-artifact",
          "pythoneda-shared-pythoneda-banner"
        ],
        "pythoneda-shared-pythoneda-domain": [
          "pythoneda-shared-pythoneda-domain-artifact",
          "pythoneda-shared-pythoneda-domain"
        ]
      },
      "locked": {
        "dir": "shared",
        "lastModified": 1695896822,
        "narHash": "sha256-wuc/JDLrKFMNygnlteoByU7DvFw6/NkGed9DAaXGKOU=",
        "owner": "pythoneda-shared-code-requests",
        "repo": "shared-artifact",
        "rev": "fc68beeea1a823c5fadf605c1718e4426ffc46c5",
        "type": "github"
      },
      "original": {
        "dir": "shared",
        "owner": "pythoneda-shared-code-requests",
        "ref": "0.0.2",
        "repo": "shared-artifact",
        "type": "github"
      }
    },
    "flake-utils": {
      "locked": {
        "lastModified": 1652776076,
        "narHash": "sha256-gzTw/v1vj4dOVbpBSJX4J0DwUR6LIyXo7/SuuTJp1kM=",
        "owner": "numtide",
        "repo": "flake-utils",
        "rev": "04c1b180862888302ddfb2e3ad9eaa63afc60cf8",
        "type": "github"
      },
      "original": {
        "owner": "numtide",
        "ref": "v1.0.0",
        "repo": "flake-utils",
        "type": "github"
      }
    },
    "nixos": {
      "locked": {
        "lastModified": 1697226376,
        "narHash": "sha256-cumLLb1QOUtWieUnLGqo+ylNt3+fU8Lcv5Zl+tYbRUE=",
        "owner": "NixOS",
        "repo": "nixpkgs",
        "rev": "898cb2064b6e98b8c5499f37e81adbdf2925f7c5",
        "type": "github"
      },
      "original": {
        "owner": "NixOS",
        "ref": "nixos-23.05",
        "repo": "nixpkgs",
        "type": "github"
      }
    },
    "pythoneda-shared-artifact-changes-shared": {
      "inputs": {
        "flake-utils": [
          "INDIRECT-INDIRECT-pythoneda-shared-artifact-changes-events",
          "flake-utils"
        ],
        "nixos": [
          "INDIRECT-INDIRECT-pythoneda-shared-artifact-changes-events",
          "nixos"
        ],
        "pythoneda-shared-pythoneda-banner": [
          "INDIRECT-INDIRECT-pythoneda-shared-artifact-changes-events",
          "pythoneda-shared-pythoneda-banner"
        ],
        "pythoneda-shared-pythoneda-domain": [
          "INDIRECT-INDIRECT-pythoneda-shared-artifact-changes-events",
          "pythoneda-shared-pythoneda-domain"
        ]
      },
      "locked": {
        "dir": "shared",
        "lastModified": 1695896346,
        "narHash": "sha256-zJtEDGWBBRZaG3ZracTU5Ukw6UUNXL59mgjun6j/ues=",
        "owner": "pythoneda-shared-artifact-changes",
        "repo": "shared-artifact",
        "rev": "9dfd4a17048f6c540f6ab570e3a78ddadb75cd13",
        "type": "github"
      },
      "original": {
        "dir": "shared",
        "owner": "pythoneda-shared-artifact-changes",
        "ref": "0.0.2",
        "repo": "shared-artifact",
        "type": "github"
      }
    },
    "pythoneda-shared-artifact-changes-shared_2": {
      "inputs": {
        "flake-utils": [
          "INDIRECT-INDIRECT-pythoneda-shared-code-requests-events",
          "flake-utils"
        ],
        "nixos": [
          "INDIRECT-INDIRECT-pythoneda-shared-code-requests-events",
          "nixos"
        ],
        "pythoneda-shared-pythoneda-banner": [
          "INDIRECT-INDIRECT-pythoneda-shared-code-requests-events",
          "pythoneda-shared-pythoneda-banner"
        ],
        "pythoneda-shared-pythoneda-domain": [
          "INDIRECT-INDIRECT-pythoneda-shared-code-requests-events",
          "pythoneda-shared-pythoneda-domain"
        ]
      },
      "locked": {
        "dir": "shared",
        "lastModified": 1695896346,
        "narHash": "sha256-zJtEDGWBBRZaG3ZracTU5Ukw6UUNXL59mgjun6j/ues=",
        "owner": "pythoneda-shared-artifact-changes",
        "repo": "shared-artifact",
        "rev": "9dfd4a17048f6c540f6ab570e3a78ddadb75cd13",
        "type": "github"
      },
      "original": {
        "dir": "shared",
        "owner": "pythoneda-shared-artifact-changes",
        "ref": "0.0.2",
        "repo": "shared-artifact",
        "type": "github"
      }
    },
    "pythoneda-shared-artifact-changes-shared_3": {
      "inputs": {
        "flake-utils": [
          "pythoneda-shared-pythoneda-domain-artifact",
          "INDIRECT-pythoneda-shared-code-requests-events",
          "flake-utils"
        ],
        "nixos": [
          "pythoneda-shared-pythoneda-domain-artifact",
          "INDIRECT-pythoneda-shared-code-requests-events",
          "nixos"
        ],
        "pythoneda-shared-pythoneda-banner": [
          "pythoneda-shared-pythoneda-domain-artifact",
          "INDIRECT-pythoneda-shared-code-requests-events",
          "pythoneda-shared-pythoneda-banner"
        ],
        "pythoneda-shared-pythoneda-domain": [
          "pythoneda-shared-pythoneda-domain-artifact",
          "INDIRECT-pythoneda-shared-code-requests-events",
          "pythoneda-shared-pythoneda-domain"
        ]
      },
      "locked": {
        "dir": "shared",
        "lastModified": 1695896346,
        "narHash": "sha256-zJtEDGWBBRZaG3ZracTU5Ukw6UUNXL59mgjun6j/ues=",
        "owner": "pythoneda-shared-artifact-changes",
        "repo": "shared-artifact",
        "rev": "9dfd4a17048f6c540f6ab570e3a78ddadb75cd13",
        "type": "github"
      },
      "original": {
        "dir": "shared",
        "owner": "pythoneda-shared-artifact-changes",
        "ref": "0.0.2",
        "repo": "shared-artifact",
        "type": "github"
      }
    },
    "pythoneda-shared-artifact-changes-shared_4": {
      "inputs": {
        "flake-utils": [
          "pythoneda-shared-pythoneda-domain-artifact-infrastructure",
          "INDIRECT-INDIRECT-pythoneda-shared-code-requests-events",
          "flake-utils"
        ],
        "nixos": [
          "pythoneda-shared-pythoneda-domain-artifact-infrastructure",
          "INDIRECT-INDIRECT-pythoneda-shared-code-requests-events",
          "nixos"
        ],
        "pythoneda-shared-pythoneda-banner": [
          "pythoneda-shared-pythoneda-domain-artifact-infrastructure",
          "INDIRECT-INDIRECT-pythoneda-shared-code-requests-events",
          "pythoneda-shared-pythoneda-banner"
        ],
        "pythoneda-shared-pythoneda-domain": [
          "pythoneda-shared-pythoneda-domain-artifact-infrastructure",
          "INDIRECT-INDIRECT-pythoneda-shared-code-requests-events",
          "pythoneda-shared-pythoneda-domain"
        ]
      },
      "locked": {
        "dir": "shared",
        "lastModified": 1695896346,
        "narHash": "sha256-zJtEDGWBBRZaG3ZracTU5Ukw6UUNXL59mgjun6j/ues=",
        "owner": "pythoneda-shared-artifact-changes",
        "repo": "shared-artifact",
        "rev": "9dfd4a17048f6c540f6ab570e3a78ddadb75cd13",
        "type": "github"
      },
      "original": {
        "dir": "shared",
        "owner": "pythoneda-shared-artifact-changes",
        "ref": "0.0.2",
        "repo": "shared-artifact",
        "type": "github"
      }
    },
    "pythoneda-shared-git-shared": {
      "inputs": {
        "flake-utils": [
          "pythoneda-shared-pythoneda-domain-artifact",
          "flake-utils"
        ],
        "nixos": [
          "pythoneda-shared-pythoneda-domain-artifact",
          "nixos"
        ],
        "pythoneda-shared-pythoneda-banner": [
          "pythoneda-shared-pythoneda-domain-artifact",
          "pythoneda-shared-pythoneda-banner"
        ],
        "pythoneda-shared-pythoneda-domain": [
          "pythoneda-shared-pythoneda-domain-artifact",
          "pythoneda-shared-pythoneda-domain"
        ]
      },
      "locked": {
        "dir": "shared",
        "lastModified": 1696415459,
        "narHash": "sha256-fujHycjliP+FOdWy0YnJrLmlK7uNwIrntvXNiIFG8Ug=",
        "owner": "pythoneda-shared-git",
        "repo": "shared-artifact",
        "rev": "e23bed7aa74e392f592aded5ac99bcaf7b406bc9",
        "type": "github"
      },
      "original": {
        "dir": "shared",
        "owner": "pythoneda-shared-git",
        "ref": "0.0.3",
        "repo": "shared-artifact",
        "type": "github"
      }
    },
    "pythoneda-shared-pythoneda-application": {
      "inputs": {
        "flake-utils": [
          "flake-utils"
        ],
        "nixos": [
          "nixos"
        ],
        "pythoneda-shared-pythoneda-banner": [
          "pythoneda-shared-pythoneda-banner"
        ],
        "pythoneda-shared-pythoneda-domain": [
          "pythoneda-shared-pythoneda-domain"
        ],
        "pythoneda-shared-pythoneda-infrastructure": [
          "pythoneda-shared-pythoneda-infrastructure"
        ]
      },
      "locked": {
        "dir": "application",
        "lastModified": 1697625253,
        "narHash": "sha256-lWhKdh/q8zNKuOTx5h97Qg6IyOkDi3uDe7JPdZQf4h4=",
        "owner": "pythoneda-shared-pythoneda",
        "repo": "application-artifact",
        "rev": "16516f95e0e78ad095041b9328a8f37057727bef",
        "type": "github"
      },
      "original": {
        "dir": "application",
        "owner": "pythoneda-shared-pythoneda",
        "ref": "0.0.3",
        "repo": "application-artifact",
        "type": "github"
      }
    },
    "pythoneda-shared-pythoneda-banner": {
      "inputs": {
        "flake-utils": [
          "flake-utils"
        ],
        "nixos": [
          "nixos"
        ]
      },
      "locked": {
        "lastModified": 1697624945,
        "narHash": "sha256-vtC3jgy49cIO+HOWRe8TQsmlPMaxDytx3t9wyveHa70=",
        "owner": "pythoneda-shared-pythoneda",
        "repo": "banner",
        "rev": "5c6382c228631935d80dcdb85c490c9e4c6b5e0e",
        "type": "github"
      },
      "original": {
        "owner": "pythoneda-shared-pythoneda",
        "ref": "0.0.13",
        "repo": "banner",
        "type": "github"
      }
    },
    "pythoneda-shared-pythoneda-domain": {
      "inputs": {
        "flake-utils": [
          "flake-utils"
        ],
        "nixos": [
          "nixos"
        ],
        "pythoneda-shared-pythoneda-banner": [
          "pythoneda-shared-pythoneda-banner"
        ]
      },
      "locked": {
        "dir": "domain",
        "lastModified": 1696919330,
        "narHash": "sha256-ZHMRULealTkoRHDiKI6DIhXKFQJHnfA9SHS4CTC9fCE=",
        "owner": "pythoneda-shared-pythoneda",
        "repo": "domain-artifact",
        "rev": "6b19b9ab737351af26fef0dbaad888872dd8987b",
        "type": "github"
      },
      "original": {
        "dir": "domain",
        "owner": "pythoneda-shared-pythoneda",
        "ref": "0.0.9",
        "repo": "domain-artifact",
        "type": "github"
      }
    },
    "pythoneda-shared-pythoneda-domain-artifact": {
      "inputs": {
        "INDIRECT-INDIRECT-pythoneda-shared-nix-flake-shared": "INDIRECT-INDIRECT-pythoneda-shared-nix-flake-shared_2",
        "INDIRECT-pythoneda-shared-code-requests-events": "INDIRECT-pythoneda-shared-code-requests-events",
        "INDIRECT-pythoneda-shared-code-requests-shared": "INDIRECT-pythoneda-shared-code-requests-shared",
        "flake-utils": [
          "flake-utils"
        ],
        "nixos": [
          "nixos"
        ],
        "pythoneda-shared-artifact-changes-events": [
          "INDIRECT-INDIRECT-pythoneda-shared-artifact-changes-events"
        ],
        "pythoneda-shared-git-shared": "pythoneda-shared-git-shared",
        "pythoneda-shared-pythoneda-banner": [
          "pythoneda-shared-pythoneda-banner"
        ],
        "pythoneda-shared-pythoneda-domain": [
          "pythoneda-shared-pythoneda-domain"
        ]
      },
      "locked": {
        "dir": "domain-artifact",
        "lastModified": 1697625979,
        "narHash": "sha256-lK/2UzBlP/Htoe8rw6nvHZ0nY961iDmimv1cy/u7+gw=",
        "owner": "pythoneda-shared-pythoneda",
        "repo": "domain-artifact-artifact",
        "rev": "008671b78b2aea505aa9b113f2cc56df09ef3a0e",
        "type": "github"
      },
      "original": {
        "dir": "domain-artifact",
        "owner": "pythoneda-shared-pythoneda",
        "ref": "0.0.15",
        "repo": "domain-artifact-artifact",
        "type": "github"
      }
    },
    "pythoneda-shared-pythoneda-domain-artifact-infrastructure": {
      "inputs": {
        "INDIRECT-INDIRECT-INDIRECT-INDIRECT-pythoneda-shared-git-shared": "INDIRECT-INDIRECT-INDIRECT-INDIRECT-pythoneda-shared-git-shared",
        "INDIRECT-INDIRECT-INDIRECT-pythoneda-shared-nix-flake-shared": "INDIRECT-INDIRECT-INDIRECT-pythoneda-shared-nix-flake-shared",
        "INDIRECT-INDIRECT-pythoneda-shared-code-requests-events": "INDIRECT-INDIRECT-pythoneda-shared-code-requests-events_2",
        "INDIRECT-INDIRECT-pythoneda-shared-code-requests-shared": "INDIRECT-INDIRECT-pythoneda-shared-code-requests-shared_2",
        "INDIRECT-pythoneda-shared-artifact-changes-events": [
          "INDIRECT-INDIRECT-pythoneda-shared-artifact-changes-events"
        ],
        "INDIRECT-pythoneda-shared-code-requests-jupyterlab": "INDIRECT-pythoneda-shared-code-requests-jupyterlab",
        "flake-utils": [
          "flake-utils"
        ],
        "nixos": [
          "nixos"
        ],
        "pythoneda-shared-artifact-changes-events-infrastructure": [
          "INDIRECT-pythoneda-shared-artifact-changes-events-infrastructure"
        ],
        "pythoneda-shared-pythoneda-banner": [
          "pythoneda-shared-pythoneda-banner"
        ],
        "pythoneda-shared-pythoneda-domain": [
          "pythoneda-shared-pythoneda-domain"
        ],
        "pythoneda-shared-pythoneda-domain-artifact": [
          "pythoneda-shared-pythoneda-domain-artifact"
        ],
        "pythoneda-shared-pythoneda-infrastructure": [
          "pythoneda-shared-pythoneda-infrastructure"
        ]
      },
      "locked": {
        "dir": "domain-artifact-infrastructure",
        "lastModified": 1697553004,
        "narHash": "sha256-lCSZyEKUDk4yYLdCZQKB2ynhyzFZ3rJT6vXntG/4HfI=",
        "owner": "pythoneda-shared-pythoneda",
        "repo": "domain-artifact-infrastructure-artifact",
        "rev": "2ca19a1c9f9620e6f94dcd895dc4d21fdb5cc7f1",
        "type": "github"
      },
      "original": {
        "dir": "domain-artifact-infrastructure",
        "owner": "pythoneda-shared-pythoneda",
        "ref": "0.0.10",
        "repo": "domain-artifact-infrastructure-artifact",
        "type": "github"
      }
    },
    "pythoneda-shared-pythoneda-infrastructure": {
      "inputs": {
        "flake-utils": [
          "flake-utils"
        ],
        "nixos": [
          "nixos"
        ],
        "pythoneda-shared-pythoneda-banner": [
          "pythoneda-shared-pythoneda-banner"
        ],
        "pythoneda-shared-pythoneda-domain": [
          "pythoneda-shared-pythoneda-domain"
        ]
      },
      "locked": {
        "dir": "infrastructure",
        "lastModified": 1697625019,
        "narHash": "sha256-UjCkcJw0FKAFLyqHf57/FkJVnuGF/LK95Sd6iQj3WFE=",
        "owner": "pythoneda-shared-pythoneda",
        "repo": "infrastructure-artifact",
        "rev": "fd28db30d597e0ec35ec7e5a6a8297bfb3d89340",
        "type": "github"
      },
      "original": {
        "dir": "infrastructure",
        "owner": "pythoneda-shared-pythoneda",
        "ref": "0.0.3",
        "repo": "infrastructure-artifact",
        "type": "github"
      }
    },
    "root": {
      "inputs": {
        "INDIRECT-INDIRECT-pythoneda-shared-artifact-changes-events": "INDIRECT-INDIRECT-pythoneda-shared-artifact-changes-events",
        "INDIRECT-INDIRECT-pythoneda-shared-artifact-changes-shared": "INDIRECT-INDIRECT-pythoneda-shared-artifact-changes-shared",
        "INDIRECT-INDIRECT-pythoneda-shared-code-requests-events": "INDIRECT-INDIRECT-pythoneda-shared-code-requests-events",
        "INDIRECT-INDIRECT-pythoneda-shared-code-requests-jupyterlab": "INDIRECT-INDIRECT-pythoneda-shared-code-requests-jupyterlab",
        "INDIRECT-INDIRECT-pythoneda-shared-code-requests-shared": "INDIRECT-INDIRECT-pythoneda-shared-code-requests-shared",
        "INDIRECT-INDIRECT-pythoneda-shared-git-shared": "INDIRECT-INDIRECT-pythoneda-shared-git-shared",
        "INDIRECT-INDIRECT-pythoneda-shared-nix-flake-shared": "INDIRECT-INDIRECT-pythoneda-shared-nix-flake-shared",
        "INDIRECT-pythoneda-shared-artifact-changes-events-infrastructure": "INDIRECT-pythoneda-shared-artifact-changes-events-infrastructure",
        "flake-utils": "flake-utils",
        "nixos": "nixos",
        "pythoneda-shared-pythoneda-application": "pythoneda-shared-pythoneda-application",
        "pythoneda-shared-pythoneda-banner": "pythoneda-shared-pythoneda-banner",
        "pythoneda-shared-pythoneda-domain": "pythoneda-shared-pythoneda-domain",
        "pythoneda-shared-pythoneda-domain-artifact": "pythoneda-shared-pythoneda-domain-artifact",
        "pythoneda-shared-pythoneda-domain-artifact-infrastructure": "pythoneda-shared-pythoneda-domain-artifact-infrastructure",
        "pythoneda-shared-pythoneda-infrastructure": "pythoneda-shared-pythoneda-infrastructure"
      }
    },
    "stringtemplate3": {
      "inputs": {
        "flake-utils": [
          "INDIRECT-INDIRECT-pythoneda-shared-nix-flake-shared",
          "flake-utils"
        ],
        "nixos": [
          "INDIRECT-INDIRECT-pythoneda-shared-nix-flake-shared",
          "nixos"
        ]
      },
      "locked": {
        "dir": "stringtemplate3",
        "lastModified": 1695028695,
        "narHash": "sha256-nEyAQq8IJ8Cn8Rnf0jOqfhQ9ya6qtbmf5vuhsDN+KKw=",
        "owner": "rydnr",
        "repo": "nix-flakes",
        "rev": "81e0f7168b7d949c1e1f85897645cba7be7f325c",
        "type": "github"
      },
      "original": {
        "dir": "stringtemplate3",
        "owner": "rydnr",
        "ref": "stringtemplate3-3.1",
        "repo": "nix-flakes",
        "type": "github"
      }
    },
    "stringtemplate3_2": {
      "inputs": {
        "flake-utils": [
          "pythoneda-shared-pythoneda-domain-artifact",
          "INDIRECT-INDIRECT-pythoneda-shared-nix-flake-shared",
          "flake-utils"
        ],
        "nixos": [
          "pythoneda-shared-pythoneda-domain-artifact",
          "INDIRECT-INDIRECT-pythoneda-shared-nix-flake-shared",
          "nixos"
        ]
      },
      "locked": {
        "dir": "stringtemplate3",
        "lastModified": 1695028695,
        "narHash": "sha256-nEyAQq8IJ8Cn8Rnf0jOqfhQ9ya6qtbmf5vuhsDN+KKw=",
        "owner": "rydnr",
        "repo": "nix-flakes",
        "rev": "81e0f7168b7d949c1e1f85897645cba7be7f325c",
        "type": "github"
      },
      "original": {
        "dir": "stringtemplate3",
        "owner": "rydnr",
        "ref": "stringtemplate3-3.1",
        "repo": "nix-flakes",
        "type": "github"
      }
    },
    "stringtemplate3_3": {
      "inputs": {
        "flake-utils": [
          "pythoneda-shared-pythoneda-domain-artifact-infrastructure",
          "INDIRECT-INDIRECT-INDIRECT-pythoneda-shared-nix-flake-shared",
          "flake-utils"
        ],
        "nixos": [
          "pythoneda-shared-pythoneda-domain-artifact-infrastructure",
          "INDIRECT-INDIRECT-INDIRECT-pythoneda-shared-nix-flake-shared",
          "nixos"
        ]
      },
      "locked": {
        "dir": "stringtemplate3",
        "lastModified": 1695028695,
        "narHash": "sha256-nEyAQq8IJ8Cn8Rnf0jOqfhQ9ya6qtbmf5vuhsDN+KKw=",
        "owner": "rydnr",
        "repo": "nix-flakes",
        "rev": "81e0f7168b7d949c1e1f85897645cba7be7f325c",
        "type": "github"
      },
      "original": {
        "dir": "stringtemplate3",
        "owner": "rydnr",
        "ref": "stringtemplate3-3.1",
        "repo": "nix-flakes",
        "type": "github"
      }
    }
  },
  "root": "root",
  "version": 7
}
